// !$*UTF8*$!
{
	archiveVersion = 1;
	classes = {
	};
	objectVersion = 56;
	objects = {

/* Begin PBXBuildFile section */
		FA0D05542C8AEDBF007C5847 /* CoreDataStack.swift in Sources */ = {isa = PBXBuildFile; fileRef = FA0D05532C8AEDBF007C5847 /* CoreDataStack.swift */; };
		FA0D055B2C8B274F007C5847 /* UsersListViewController.swift in Sources */ = {isa = PBXBuildFile; fileRef = FA0D055A2C8B274F007C5847 /* UsersListViewController.swift */; };
		FA0D055D2C8B4F0B007C5847 /* UsersListViewController+NSFetchedResultsController.swift in Sources */ = {isa = PBXBuildFile; fileRef = FA0D055C2C8B4F0B007C5847 /* UsersListViewController+NSFetchedResultsController.swift */; };
		FA0D055F2C8C7110007C5847 /* WebAPICaller.swift in Sources */ = {isa = PBXBuildFile; fileRef = FA0D055E2C8C7110007C5847 /* WebAPICaller.swift */; };
		FA0D05612C8CE739007C5847 /* UserEntity+Unwrapped.swift in Sources */ = {isa = PBXBuildFile; fileRef = FA0D05602C8CE739007C5847 /* UserEntity+Unwrapped.swift */; };
		FA0D05632C8D698E007C5847 /* UserDetailsViewController.swift in Sources */ = {isa = PBXBuildFile; fileRef = FA0D05622C8D698E007C5847 /* UserDetailsViewController.swift */; };
		FA0D05662C8D7286007C5847 /* UIStoryboard+ControllerGetter.swift in Sources */ = {isa = PBXBuildFile; fileRef = FA0D05652C8D7286007C5847 /* UIStoryboard+ControllerGetter.swift */; };
		FA0D05682C8D80BB007C5847 /* UIViewController+CommonSetup.swift in Sources */ = {isa = PBXBuildFile; fileRef = FA0D05672C8D80BB007C5847 /* UIViewController+CommonSetup.swift */; };
		FA0D056B2C8D8B60007C5847 /* UserTableCell.swift in Sources */ = {isa = PBXBuildFile; fileRef = FA0D056A2C8D8B60007C5847 /* UserTableCell.swift */; };
		FAA1B3D52C8A616400234C20 /* User.swift in Sources */ = {isa = PBXBuildFile; fileRef = FAA1B3D42C8A616400234C20 /* User.swift */; };
		FAC6B96A2C89974A00986F44 /* AppDelegate.swift in Sources */ = {isa = PBXBuildFile; fileRef = FAC6B9692C89974A00986F44 /* AppDelegate.swift */; };
		FAC6B96C2C89974A00986F44 /* SceneDelegate.swift in Sources */ = {isa = PBXBuildFile; fileRef = FAC6B96B2C89974A00986F44 /* SceneDelegate.swift */; };
		FAC6B9712C89974A00986F44 /* Base in Resources */ = {isa = PBXBuildFile; fileRef = FAC6B9702C89974A00986F44 /* Base */; };
		FAC6B9742C89974A00986F44 /* DataModel.xcdatamodeld in Sources */ = {isa = PBXBuildFile; fileRef = FAC6B9722C89974A00986F44 /* DataModel.xcdatamodeld */; };
		FAC6B9762C89974A00986F44 /* Assets.xcassets in Resources */ = {isa = PBXBuildFile; fileRef = FAC6B9752C89974A00986F44 /* Assets.xcassets */; };
		FAC6B9792C89974A00986F44 /* Base in Resources */ = {isa = PBXBuildFile; fileRef = FAC6B9782C89974A00986F44 /* Base */; };
		FAC6B9812C89AAE400986F44 /* LoginViewController.swift in Sources */ = {isa = PBXBuildFile; fileRef = FAC6B9802C89AAE400986F44 /* LoginViewController.swift */; };
		FAC6B9842C89BDCA00986F44 /* AuthManager.swift in Sources */ = {isa = PBXBuildFile; fileRef = FAC6B9832C89BDCA00986F44 /* AuthManager.swift */; };
/* End PBXBuildFile section */

/* Begin PBXFileReference section */
		FA0D05532C8AEDBF007C5847 /* CoreDataStack.swift */ = {isa = PBXFileReference; lastKnownFileType = sourcecode.swift; path = CoreDataStack.swift; sourceTree = "<group>"; };
		FA0D055A2C8B274F007C5847 /* UsersListViewController.swift */ = {isa = PBXFileReference; lastKnownFileType = sourcecode.swift; path = UsersListViewController.swift; sourceTree = "<group>"; };
		FA0D055C2C8B4F0B007C5847 /* UsersListViewController+NSFetchedResultsController.swift */ = {isa = PBXFileReference; lastKnownFileType = sourcecode.swift; path = "UsersListViewController+NSFetchedResultsController.swift"; sourceTree = "<group>"; };
		FA0D055E2C8C7110007C5847 /* WebAPICaller.swift */ = {isa = PBXFileReference; lastKnownFileType = sourcecode.swift; path = WebAPICaller.swift; sourceTree = "<group>"; };
		FA0D05602C8CE739007C5847 /* UserEntity+Unwrapped.swift */ = {isa = PBXFileReference; lastKnownFileType = sourcecode.swift; path = "UserEntity+Unwrapped.swift"; sourceTree = "<group>"; };
		FA0D05622C8D698E007C5847 /* UserDetailsViewController.swift */ = {isa = PBXFileReference; lastKnownFileType = sourcecode.swift; path = UserDetailsViewController.swift; sourceTree = "<group>"; };
		FA0D05652C8D7286007C5847 /* UIStoryboard+ControllerGetter.swift */ = {isa = PBXFileReference; lastKnownFileType = sourcecode.swift; path = "UIStoryboard+ControllerGetter.swift"; sourceTree = "<group>"; };
		FA0D05672C8D80BB007C5847 /* UIViewController+CommonSetup.swift */ = {isa = PBXFileReference; lastKnownFileType = sourcecode.swift; path = "UIViewController+CommonSetup.swift"; sourceTree = "<group>"; };
		FA0D056A2C8D8B60007C5847 /* UserTableCell.swift */ = {isa = PBXFileReference; lastKnownFileType = sourcecode.swift; path = UserTableCell.swift; sourceTree = "<group>"; };
		FAA1B3D42C8A616400234C20 /* User.swift */ = {isa = PBXFileReference; lastKnownFileType = sourcecode.swift; path = User.swift; sourceTree = "<group>"; };
		FAC6B9662C89974A00986F44 /* MSAppsHomeAssignment.app */ = {isa = PBXFileReference; explicitFileType = wrapper.application; includeInIndex = 0; path = MSAppsHomeAssignment.app; sourceTree = BUILT_PRODUCTS_DIR; };
		FAC6B9692C89974A00986F44 /* AppDelegate.swift */ = {isa = PBXFileReference; lastKnownFileType = sourcecode.swift; path = AppDelegate.swift; sourceTree = "<group>"; };
		FAC6B96B2C89974A00986F44 /* SceneDelegate.swift */ = {isa = PBXFileReference; lastKnownFileType = sourcecode.swift; path = SceneDelegate.swift; sourceTree = "<group>"; };
		FAC6B9702C89974A00986F44 /* Base */ = {isa = PBXFileReference; lastKnownFileType = file.storyboard; name = Base; path = Base.lproj/Main.storyboard; sourceTree = "<group>"; };
		FAC6B9732C89974A00986F44 /* MSAppsHomeAssignment.xcdatamodel */ = {isa = PBXFileReference; lastKnownFileType = wrapper.xcdatamodel; path = MSAppsHomeAssignment.xcdatamodel; sourceTree = "<group>"; };
		FAC6B9752C89974A00986F44 /* Assets.xcassets */ = {isa = PBXFileReference; lastKnownFileType = folder.assetcatalog; path = Assets.xcassets; sourceTree = "<group>"; };
		FAC6B9782C89974A00986F44 /* Base */ = {isa = PBXFileReference; lastKnownFileType = file.storyboard; name = Base; path = Base.lproj/LaunchScreen.storyboard; sourceTree = "<group>"; };
		FAC6B97A2C89974A00986F44 /* Info.plist */ = {isa = PBXFileReference; lastKnownFileType = text.plist.xml; path = Info.plist; sourceTree = "<group>"; };
		FAC6B9802C89AAE400986F44 /* LoginViewController.swift */ = {isa = PBXFileReference; lastKnownFileType = sourcecode.swift; path = LoginViewController.swift; sourceTree = "<group>"; };
		FAC6B9832C89BDCA00986F44 /* AuthManager.swift */ = {isa = PBXFileReference; lastKnownFileType = sourcecode.swift; path = AuthManager.swift; sourceTree = "<group>"; };
/* End PBXFileReference section */

/* Begin PBXFrameworksBuildPhase section */
		FAC6B9632C89974A00986F44 /* Frameworks */ = {
			isa = PBXFrameworksBuildPhase;
			buildActionMask = 2147483647;
			files = (
			);
			runOnlyForDeploymentPostprocessing = 0;
		};
/* End PBXFrameworksBuildPhase section */

/* Begin PBXGroup section */
		FA0D05522C8AEDA9007C5847 /* CodeDataStack */ = {
			isa = PBXGroup;
			children = (
				FA0D05532C8AEDBF007C5847 /* CoreDataStack.swift */,
				FA0D05602C8CE739007C5847 /* UserEntity+Unwrapped.swift */,
				FAC6B9722C89974A00986F44 /* DataModel.xcdatamodeld */,
			);
			path = CodeDataStack;
			sourceTree = "<group>";
		};
		FA0D05592C8B271C007C5847 /* View Controllers */ = {
			isa = PBXGroup;
			children = (
				FA0D055A2C8B274F007C5847 /* UsersListViewController.swift */,
				FA0D055C2C8B4F0B007C5847 /* UsersListViewController+NSFetchedResultsController.swift */,
				FA0D05622C8D698E007C5847 /* UserDetailsViewController.swift */,
				FAC6B9802C89AAE400986F44 /* LoginViewController.swift */,
			);
			path = "View Controllers";
			sourceTree = "<group>";
		};
		FA0D05642C8D7249007C5847 /* Helpers */ = {
			isa = PBXGroup;
			children = (
				FA0D05652C8D7286007C5847 /* UIStoryboard+ControllerGetter.swift */,
				FA0D05672C8D80BB007C5847 /* UIViewController+CommonSetup.swift */,
			);
			path = Helpers;
			sourceTree = "<group>";
		};
		FA0D05692C8D8B29007C5847 /* Views */ = {
			isa = PBXGroup;
			children = (
				FA0D056A2C8D8B60007C5847 /* UserTableCell.swift */,
			);
			path = Views;
			sourceTree = "<group>";
		};
		FAC6B95D2C89974A00986F44 = {
			isa = PBXGroup;
			children = (
				FAC6B9682C89974A00986F44 /* MSAppsHomeAssignment */,
				FAC6B9672C89974A00986F44 /* Products */,
			);
			sourceTree = "<group>";
		};
		FAC6B9672C89974A00986F44 /* Products */ = {
			isa = PBXGroup;
			children = (
				FAC6B9662C89974A00986F44 /* MSAppsHomeAssignment.app */,
			);
			name = Products;
			sourceTree = "<group>";
		};
		FAC6B9682C89974A00986F44 /* MSAppsHomeAssignment */ = {
			isa = PBXGroup;
			children = (
				FAC6B9692C89974A00986F44 /* AppDelegate.swift */,
				FAC6B96B2C89974A00986F44 /* SceneDelegate.swift */,
				FA0D05592C8B271C007C5847 /* View Controllers */,
				FA0D05692C8D8B29007C5847 /* Views */,
				FAC6B9822C89BDB300986F44 /* Model */,
				FA0D05642C8D7249007C5847 /* Helpers */,
				FAC6B96F2C89974A00986F44 /* Main.storyboard */,
				FAC6B9752C89974A00986F44 /* Assets.xcassets */,
				FAC6B9772C89974A00986F44 /* LaunchScreen.storyboard */,
				FAC6B97A2C89974A00986F44 /* Info.plist */,
			);
			path = MSAppsHomeAssignment;
			sourceTree = "<group>";
		};
		FAC6B9822C89BDB300986F44 /* Model */ = {
			isa = PBXGroup;
			children = (
				FA0D05522C8AEDA9007C5847 /* CodeDataStack */,
				FAC6B9832C89BDCA00986F44 /* AuthManager.swift */,
				FAA1B3D42C8A616400234C20 /* User.swift */,
				FA0D055E2C8C7110007C5847 /* WebAPICaller.swift */,
			);
			path = Model;
			sourceTree = "<group>";
		};
/* End PBXGroup section */

/* Begin PBXNativeTarget section */
		FAC6B9652C89974A00986F44 /* MSAppsHomeAssignment */ = {
			isa = PBXNativeTarget;
			buildConfigurationList = FAC6B97D2C89974A00986F44 /* Build configuration list for PBXNativeTarget "MSAppsHomeAssignment" */;
			buildPhases = (
				FAC6B9622C89974A00986F44 /* Sources */,
				FAC6B9632C89974A00986F44 /* Frameworks */,
				FAC6B9642C89974A00986F44 /* Resources */,
			);
			buildRules = (
			);
			dependencies = (
			);
			name = MSAppsHomeAssignment;
			productName = MSAppsHomeAssignment;
			productReference = FAC6B9662C89974A00986F44 /* MSAppsHomeAssignment.app */;
			productType = "com.apple.product-type.application";
		};
/* End PBXNativeTarget section */

/* Begin PBXProject section */
		FAC6B95E2C89974A00986F44 /* Project object */ = {
			isa = PBXProject;
			attributes = {
				BuildIndependentTargetsInParallel = 1;
				LastSwiftUpdateCheck = 1540;
				LastUpgradeCheck = 1540;
				TargetAttributes = {
					FAC6B9652C89974A00986F44 = {
						CreatedOnToolsVersion = 15.4;
					};
				};
			};
			buildConfigurationList = FAC6B9612C89974A00986F44 /* Build configuration list for PBXProject "MSAppsHomeAssignment" */;
			compatibilityVersion = "Xcode 14.0";
			developmentRegion = en;
			hasScannedForEncodings = 0;
			knownRegions = (
				en,
				Base,
			);
			mainGroup = FAC6B95D2C89974A00986F44;
			productRefGroup = FAC6B9672C89974A00986F44 /* Products */;
			projectDirPath = "";
			projectRoot = "";
			targets = (
				FAC6B9652C89974A00986F44 /* MSAppsHomeAssignment */,
			);
		};
/* End PBXProject section */

/* Begin PBXResourcesBuildPhase section */
		FAC6B9642C89974A00986F44 /* Resources */ = {
			isa = PBXResourcesBuildPhase;
			buildActionMask = 2147483647;
			files = (
				FAC6B9762C89974A00986F44 /* Assets.xcassets in Resources */,
				FAC6B9792C89974A00986F44 /* Base in Resources */,
				FAC6B9712C89974A00986F44 /* Base in Resources */,
			);
			runOnlyForDeploymentPostprocessing = 0;
		};
/* End PBXResourcesBuildPhase section */

/* Begin PBXSourcesBuildPhase section */
		FAC6B9622C89974A00986F44 /* Sources */ = {
			isa = PBXSourcesBuildPhase;
			buildActionMask = 2147483647;
			files = (
				FA0D05662C8D7286007C5847 /* UIStoryboard+ControllerGetter.swift in Sources */,
				FAC6B9742C89974A00986F44 /* DataModel.xcdatamodeld in Sources */,
				FA0D055B2C8B274F007C5847 /* UsersListViewController.swift in Sources */,
				FAC6B96A2C89974A00986F44 /* AppDelegate.swift in Sources */,
				FAC6B9812C89AAE400986F44 /* LoginViewController.swift in Sources */,
				FAC6B96C2C89974A00986F44 /* SceneDelegate.swift in Sources */,
				FA0D05612C8CE739007C5847 /* UserEntity+Unwrapped.swift in Sources */,
				FA0D055D2C8B4F0B007C5847 /* UsersListViewController+NSFetchedResultsController.swift in Sources */,
				FA0D05632C8D698E007C5847 /* UserDetailsViewController.swift in Sources */,
				FA0D056B2C8D8B60007C5847 /* UserTableCell.swift in Sources */,
				FA0D055F2C8C7110007C5847 /* WebAPICaller.swift in Sources */,
				FA0D05542C8AEDBF007C5847 /* CoreDataStack.swift in Sources */,
				FAC6B9842C89BDCA00986F44 /* AuthManager.swift in Sources */,
				FAA1B3D52C8A616400234C20 /* User.swift in Sources */,
				FA0D05682C8D80BB007C5847 /* UIViewController+CommonSetup.swift in Sources */,
			);
			runOnlyForDeploymentPostprocessing = 0;
		};
/* End PBXSourcesBuildPhase section */

/* Begin PBXVariantGroup section */
		FAC6B96F2C89974A00986F44 /* Main.storyboard */ = {
			isa = PBXVariantGroup;
			children = (
				FAC6B9702C89974A00986F44 /* Base */,
			);
			name = Main.storyboard;
			sourceTree = "<group>";
		};
		FAC6B9772C89974A00986F44 /* LaunchScreen.storyboard */ = {
			isa = PBXVariantGroup;
			children = (
				FAC6B9782C89974A00986F44 /* Base */,
			);
			name = LaunchScreen.storyboard;
			sourceTree = "<group>";
		};
/* End PBXVariantGroup section */

/* Begin XCBuildConfiguration section */
		FAC6B97B2C89974A00986F44 /* Debug */ = {
			isa = XCBuildConfiguration;
			buildSettings = {
				ALWAYS_SEARCH_USER_PATHS = NO;
				ASSETCATALOG_COMPILER_GENERATE_SWIFT_ASSET_SYMBOL_EXTENSIONS = YES;
				CLANG_ANALYZER_NONNULL = YES;
				CLANG_ANALYZER_NUMBER_OBJECT_CONVERSION = YES_AGGRESSIVE;
				CLANG_CXX_LANGUAGE_STANDARD = "gnu++20";
				CLANG_ENABLE_MODULES = YES;
				CLANG_ENABLE_OBJC_ARC = YES;
				CLANG_ENABLE_OBJC_WEAK = YES;
				CLANG_WARN_BLOCK_CAPTURE_AUTORELEASING = YES;
				CLANG_WARN_BOOL_CONVERSION = YES;
				CLANG_WARN_COMMA = YES;
				CLANG_WARN_CONSTANT_CONVERSION = YES;
				CLANG_WARN_DEPRECATED_OBJC_IMPLEMENTATIONS = YES;
				CLANG_WARN_DIRECT_OBJC_ISA_USAGE = YES_ERROR;
				CLANG_WARN_DOCUMENTATION_COMMENTS = YES;
				CLANG_WARN_EMPTY_BODY = YES;
				CLANG_WARN_ENUM_CONVERSION = YES;
				CLANG_WARN_INFINITE_RECURSION = YES;
				CLANG_WARN_INT_CONVERSION = YES;
				CLANG_WARN_NON_LITERAL_NULL_CONVERSION = YES;
				CLANG_WARN_OBJC_IMPLICIT_RETAIN_SELF = YES;
				CLANG_WARN_OBJC_LITERAL_CONVERSION = YES;
				CLANG_WARN_OBJC_ROOT_CLASS = YES_ERROR;
				CLANG_WARN_QUOTED_INCLUDE_IN_FRAMEWORK_HEADER = YES;
				CLANG_WARN_RANGE_LOOP_ANALYSIS = YES;
				CLANG_WARN_STRICT_PROTOTYPES = YES;
				CLANG_WARN_SUSPICIOUS_MOVE = YES;
				CLANG_WARN_UNGUARDED_AVAILABILITY = YES_AGGRESSIVE;
				CLANG_WARN_UNREACHABLE_CODE = YES;
				CLANG_WARN__DUPLICATE_METHOD_MATCH = YES;
				COPY_PHASE_STRIP = NO;
				DEBUG_INFORMATION_FORMAT = dwarf;
				ENABLE_STRICT_OBJC_MSGSEND = YES;
				ENABLE_TESTABILITY = YES;
				ENABLE_USER_SCRIPT_SANDBOXING = YES;
				GCC_C_LANGUAGE_STANDARD = gnu17;
				GCC_DYNAMIC_NO_PIC = NO;
				GCC_NO_COMMON_BLOCKS = YES;
				GCC_OPTIMIZATION_LEVEL = 0;
				GCC_PREPROCESSOR_DEFINITIONS = (
					"DEBUG=1",
					"$(inherited)",
				);
				GCC_WARN_64_TO_32_BIT_CONVERSION = YES;
				GCC_WARN_ABOUT_RETURN_TYPE = YES_ERROR;
				GCC_WARN_UNDECLARED_SELECTOR = YES;
				GCC_WARN_UNINITIALIZED_AUTOS = YES_AGGRESSIVE;
				GCC_WARN_UNUSED_FUNCTION = YES;
				GCC_WARN_UNUSED_VARIABLE = YES;
				IPHONEOS_DEPLOYMENT_TARGET = 17.5;
				LOCALIZATION_PREFERS_STRING_CATALOGS = YES;
				MTL_ENABLE_DEBUG_INFO = INCLUDE_SOURCE;
				MTL_FAST_MATH = YES;
				ONLY_ACTIVE_ARCH = YES;
				SDKROOT = iphoneos;
				SWIFT_ACTIVE_COMPILATION_CONDITIONS = "DEBUG $(inherited)";
				SWIFT_OPTIMIZATION_LEVEL = "-Onone";
			};
			name = Debug;
		};
		FAC6B97C2C89974A00986F44 /* Release */ = {
			isa = XCBuildConfiguration;
			buildSettings = {
				ALWAYS_SEARCH_USER_PATHS = NO;
				ASSETCATALOG_COMPILER_GENERATE_SWIFT_ASSET_SYMBOL_EXTENSIONS = YES;
				CLANG_ANALYZER_NONNULL = YES;
				CLANG_ANALYZER_NUMBER_OBJECT_CONVERSION = YES_AGGRESSIVE;
				CLANG_CXX_LANGUAGE_STANDARD = "gnu++20";
				CLANG_ENABLE_MODULES = YES;
				CLANG_ENABLE_OBJC_ARC = YES;
				CLANG_ENABLE_OBJC_WEAK = YES;
				CLANG_WARN_BLOCK_CAPTURE_AUTORELEASING = YES;
				CLANG_WARN_BOOL_CONVERSION = YES;
				CLANG_WARN_COMMA = YES;
				CLANG_WARN_CONSTANT_CONVERSION = YES;
				CLANG_WARN_DEPRECATED_OBJC_IMPLEMENTATIONS = YES;
				CLANG_WARN_DIRECT_OBJC_ISA_USAGE = YES_ERROR;
				CLANG_WARN_DOCUMENTATION_COMMENTS = YES;
				CLANG_WARN_EMPTY_BODY = YES;
				CLANG_WARN_ENUM_CONVERSION = YES;
				CLANG_WARN_INFINITE_RECURSION = YES;
				CLANG_WARN_INT_CONVERSION = YES;
				CLANG_WARN_NON_LITERAL_NULL_CONVERSION = YES;
				CLANG_WARN_OBJC_IMPLICIT_RETAIN_SELF = YES;
				CLANG_WARN_OBJC_LITERAL_CONVERSION = YES;
				CLANG_WARN_OBJC_ROOT_CLASS = YES_ERROR;
				CLANG_WARN_QUOTED_INCLUDE_IN_FRAMEWORK_HEADER = YES;
				CLANG_WARN_RANGE_LOOP_ANALYSIS = YES;
				CLANG_WARN_STRICT_PROTOTYPES = YES;
				CLANG_WARN_SUSPICIOUS_MOVE = YES;
				CLANG_WARN_UNGUARDED_AVAILABILITY = YES_AGGRESSIVE;
				CLANG_WARN_UNREACHABLE_CODE = YES;
				CLANG_WARN__DUPLICATE_METHOD_MATCH = YES;
				COPY_PHASE_STRIP = NO;
				DEBUG_INFORMATION_FORMAT = "dwarf-with-dsym";
				ENABLE_NS_ASSERTIONS = NO;
				ENABLE_STRICT_OBJC_MSGSEND = YES;
				ENABLE_USER_SCRIPT_SANDBOXING = YES;
				GCC_C_LANGUAGE_STANDARD = gnu17;
				GCC_NO_COMMON_BLOCKS = YES;
				GCC_WARN_64_TO_32_BIT_CONVERSION = YES;
				GCC_WARN_ABOUT_RETURN_TYPE = YES_ERROR;
				GCC_WARN_UNDECLARED_SELECTOR = YES;
				GCC_WARN_UNINITIALIZED_AUTOS = YES_AGGRESSIVE;
				GCC_WARN_UNUSED_FUNCTION = YES;
				GCC_WARN_UNUSED_VARIABLE = YES;
				IPHONEOS_DEPLOYMENT_TARGET = 17.5;
				LOCALIZATION_PREFERS_STRING_CATALOGS = YES;
				MTL_ENABLE_DEBUG_INFO = NO;
				MTL_FAST_MATH = YES;
				SDKROOT = iphoneos;
				SWIFT_COMPILATION_MODE = wholemodule;
				VALIDATE_PRODUCT = YES;
			};
			name = Release;
		};
		FAC6B97E2C89974A00986F44 /* Debug */ = {
			isa = XCBuildConfiguration;
			buildSettings = {
				ASSETCATALOG_COMPILER_APPICON_NAME = AppIcon;
				ASSETCATALOG_COMPILER_GLOBAL_ACCENT_COLOR_NAME = AccentColor;
				CODE_SIGN_STYLE = Automatic;
				CURRENT_PROJECT_VERSION = 1;
				DEVELOPMENT_TEAM = 3848NBBLP6;
				GENERATE_INFOPLIST_FILE = YES;
				INFOPLIST_FILE = MSAppsHomeAssignment/Info.plist;
				INFOPLIST_KEY_UIApplicationSupportsIndirectInputEvents = YES;
				INFOPLIST_KEY_UILaunchStoryboardName = LaunchScreen;
				INFOPLIST_KEY_UIMainStoryboardFile = Main;
				INFOPLIST_KEY_UISupportedInterfaceOrientations_iPad = "UIInterfaceOrientationPortrait UIInterfaceOrientationPortraitUpsideDown UIInterfaceOrientationLandscapeLeft UIInterfaceOrientationLandscapeRight";
				INFOPLIST_KEY_UISupportedInterfaceOrientations_iPhone = "UIInterfaceOrientationPortrait UIInterfaceOrientationLandscapeLeft UIInterfaceOrientationLandscapeRight";
				LD_RUNPATH_SEARCH_PATHS = (
					"$(inherited)",
					"@executable_path/Frameworks",
				);
				MARKETING_VERSION = 1.0;
				PRODUCT_BUNDLE_IDENTIFIER = rocks.dudee.MSAppsHomeAssignment;
				PRODUCT_NAME = "$(TARGET_NAME)";
				SWIFT_EMIT_LOC_STRINGS = YES;
				SWIFT_VERSION = 5.0;
				TARGETED_DEVICE_FAMILY = "1,2";
			};
			name = Debug;
		};
		FAC6B97F2C89974A00986F44 /* Release */ = {
			isa = XCBuildConfiguration;
			buildSettings = {
				ASSETCATALOG_COMPILER_APPICON_NAME = AppIcon;
				ASSETCATALOG_COMPILER_GLOBAL_ACCENT_COLOR_NAME = AccentColor;
				CODE_SIGN_STYLE = Automatic;
				CURRENT_PROJECT_VERSION = 1;
				DEVELOPMENT_TEAM = 3848NBBLP6;
				GENERATE_INFOPLIST_FILE = YES;
				INFOPLIST_FILE = MSAppsHomeAssignment/Info.plist;
				INFOPLIST_KEY_UIApplicationSupportsIndirectInputEvents = YES;
				INFOPLIST_KEY_UILaunchStoryboardName = LaunchScreen;
				INFOPLIST_KEY_UIMainStoryboardFile = Main;
				INFOPLIST_KEY_UISupportedInterfaceOrientations_iPad = "UIInterfaceOrientationPortrait UIInterfaceOrientationPortraitUpsideDown UIInterfaceOrientationLandscapeLeft UIInterfaceOrientationLandscapeRight";
				INFOPLIST_KEY_UISupportedInterfaceOrientations_iPhone = "UIInterfaceOrientationPortrait UIInterfaceOrientationLandscapeLeft UIInterfaceOrientationLandscapeRight";
				LD_RUNPATH_SEARCH_PATHS = (
					"$(inherited)",
					"@executable_path/Frameworks",
				);
				MARKETING_VERSION = 1.0;
				PRODUCT_BUNDLE_IDENTIFIER = rocks.dudee.MSAppsHomeAssignment;
				PRODUCT_NAME = "$(TARGET_NAME)";
				SWIFT_EMIT_LOC_STRINGS = YES;
				SWIFT_VERSION = 5.0;
				TARGETED_DEVICE_FAMILY = "1,2";
			};
			name = Release;
		};
/* End XCBuildConfiguration section */

/* Begin XCConfigurationList section */
		FAC6B9612C89974A00986F44 /* Build configuration list for PBXProject "MSAppsHomeAssignment" */ = {
			isa = XCConfigurationList;
			buildConfigurations = (
				FAC6B97B2C89974A00986F44 /* Debug */,
				FAC6B97C2C89974A00986F44 /* Release */,
			);
			defaultConfigurationIsVisible = 0;
			defaultConfigurationName = Release;
		};
		FAC6B97D2C89974A00986F44 /* Build configuration list for PBXNativeTarget "MSAppsHomeAssignment" */ = {
			isa = XCConfigurationList;
			buildConfigurations = (
				FAC6B97E2C89974A00986F44 /* Debug */,
				FAC6B97F2C89974A00986F44 /* Release */,
			);
			defaultConfigurationIsVisible = 0;
			defaultConfigurationName = Release;
		};
/* End XCConfigurationList section */

/* Begin XCVersionGroup section */
		FAC6B9722C89974A00986F44 /* DataModel.xcdatamodeld */ = {
			isa = XCVersionGroup;
			children = (
				FAC6B9732C89974A00986F44 /* MSAppsHomeAssignment.xcdatamodel */,
			);
			currentVersion = FAC6B9732C89974A00986F44 /* MSAppsHomeAssignment.xcdatamodel */;
			path = DataModel.xcdatamodeld;
			sourceTree = "<group>";
			versionGroupType = wrapper.xcdatamodel;
		};
/* End XCVersionGroup section */
	};
	rootObject = FAC6B95E2C89974A00986F44 /* Project object */;
}
